
Microsoft Visual Studio Solution File, Format Version 12.00
# Visual Studio Version 17
VisualStudioVersion = 17.8.34408.163
MinimumVisualStudioVersion = 10.0.40219.1
Project("{FAE04EC0-301F-11D3-BF4B-00C04F79EFBC}") = "BlazorWebAssem.ToDoList", "BlazorWebAssem.ToDoList\BlazorWebAssem.ToDoList.csproj", "{61F53E4A-DCEE-4C69-894E-AC81ABA4695D}"
EndProject
Global
	GlobalSection(SolutionConfigurationPlatforms) = preSolution
		Debug|Any CPU = Debug|Any CPU
		Release|Any CPU = Release|Any CPU
	EndGlobalSection
	GlobalSection(ProjectConfigurationPlatforms) = postSolution
		{61F53E4A-DCEE-4C69-894E-AC81ABA4695D}.Debug|Any CPU.ActiveCfg = Debug|Any CPU
		{61F53E4A-DCEE-4C69-894E-AC81ABA4695D}.Debug|Any CPU.Build.0 = Debug|Any CPU
		{61F53E4A-DCEE-4C69-894E-AC81ABA4695D}.Release|Any CPU.ActiveCfg = Release|Any CPU
		{61F53E4A-DCEE-4C69-894E-AC81ABA4695D}.Release|Any CPU.Build.0 = Release|Any CPU
	EndGlobalSection
	GlobalSection(SolutionProperties) = preSolution
		HideSolutionNode = FALSE
	EndGlobalSection
	GlobalSection(ExtensibilityGlobals) = postSolution
		SolutionGuid = {6A8776D5-1510-48BA-BB45-F59F672B3694}
	EndGlobalSection
EndGlobal
